# generated by rye
# use `rye lock` or `rye sync` to update this lockfile
#
# last locked with the following flags:
#   pre: false
#   features: []
#   all-features: false
#   with-sources: false
#   generate-hashes: false

-e file:.
markdown==3.6
    # via pymdown-extensions
    # via python-markdown-document-offsets-injection-extension
pygments==2.18.0
pymdown-extensions==10.8.1
pyyaml==6.0.1
    # via pymdown-extensions
